
Microsoft Visual Studio Solution File, Format Version 12.00
# Visual Studio Version 16
VisualStudioVersion = 16.0.30413.136
MinimumVisualStudioVersion = 10.0.40219.1
Project("{FAE04EC0-301F-11D3-BF4B-00C04F79EFBC}") = "Cakelicia1", "Cakelicia1\Cakelicia1.csproj", "{47E3DDCC-DC59-4E79-9238-5205710F5FF5}"
EndProject
Global
	GlobalSection(SolutionConfigurationPlatforms) = preSolution
		Debug|Any CPU = Debug|Any CPU
		Release|Any CPU = Release|Any CPU
	EndGlobalSection
	GlobalSection(ProjectConfigurationPlatforms) = postSolution
		{47E3DDCC-DC59-4E79-9238-5205710F5FF5}.Debug|Any CPU.ActiveCfg = Debug|Any CPU
		{47E3DDCC-DC59-4E79-9238-5205710F5FF5}.Debug|Any CPU.Build.0 = Debug|Any CPU
		{47E3DDCC-DC59-4E79-9238-5205710F5FF5}.Release|Any CPU.ActiveCfg = Release|Any CPU
		{47E3DDCC-DC59-4E79-9238-5205710F5FF5}.Release|Any CPU.Build.0 = Release|Any CPU
	EndGlobalSection
	GlobalSection(SolutionProperties) = preSolution
		HideSolutionNode = FALSE
	EndGlobalSection
	GlobalSection(ExtensibilityGlobals) = postSolution
		SolutionGuid = {68D3777A-9776-4A1A-8A51-B8342A8A1D4E}
	EndGlobalSection
EndGlobal
